
Microsoft Visual Studio Solution File, Format Version 12.00
# Visual Studio 2015
Project("{FAE04EC0-301F-11D3-BF4B-00C04F79EFBC}") = "Zombiesurvival RTS.CSharp", "Zombiesurvival RTS.CSharp.csproj", "{DE6D3D0A-6623-0C29-C0F2-FAF56571EAA5}"
EndProject
Global
	GlobalSection(SolutionConfigurationPlatforms) = preSolution
		Debug|Any CPU = Debug|Any CPU
		Release|Any CPU = Release|Any CPU
	EndGlobalSection
	GlobalSection(ProjectConfigurationPlatforms) = postSolution
		{DE6D3D0A-6623-0C29-C0F2-FAF56571EAA5}.Debug|Any CPU.ActiveCfg = Debug|Any CPU
		{DE6D3D0A-6623-0C29-C0F2-FAF56571EAA5}.Debug|Any CPU.Build.0 = Debug|Any CPU
		{DE6D3D0A-6623-0C29-C0F2-FAF56571EAA5}.Release|Any CPU.ActiveCfg = Release|Any CPU
		{DE6D3D0A-6623-0C29-C0F2-FAF56571EAA5}.Release|Any CPU.Build.0 = Release|Any CPU
	EndGlobalSection
	GlobalSection(SolutionProperties) = preSolution
		HideSolutionNode = FALSE
	EndGlobalSection
EndGlobal
